
Microsoft Visual Studio Solution File, Format Version 12.00
# Visual Studio 2013
VisualStudioVersion = 12.0.21005.1
MinimumVisualStudioVersion = 10.0.40219.1
Project("{FAE04EC0-301F-11D3-BF4B-00C04F79EFBC}") = "UI", "UI\UI.csproj", "{FB122ADD-57C5-4C42-AF73-32F49D29CDA5}"
EndProject
Project("{FAE04EC0-301F-11D3-BF4B-00C04F79EFBC}") = "Admin", "Admin\Admin.csproj", "{72B08A15-A678-49CF-B363-112BFB2C8E2A}"
EndProject
Project("{2150E333-8FDC-42A3-9474-1A3956D46DE8}") = "1 - Admin", "1 - Admin", "{96825113-7BFB-459B-B8FB-F9DC5E2733CB}"
EndProject
Project("{2150E333-8FDC-42A3-9474-1A3956D46DE8}") = "2 - Site", "2 - Site", "{C83350E6-E668-4E7E-A589-F6910D604B63}"
EndProject
Project("{2150E333-8FDC-42A3-9474-1A3956D46DE8}") = "3 - Template", "3 - Template", "{4639C2EE-7771-453F-A23B-1D57B532486D}"
EndProject
Project("{FAE04EC0-301F-11D3-BF4B-00C04F79EFBC}") = "UI.Template", "UI.Template\UI.Template.csproj", "{D0C41C24-1530-4DDD-BFED-97D160E33B6B}"
EndProject
Global
	GlobalSection(SolutionConfigurationPlatforms) = preSolution
		Debug|Any CPU = Debug|Any CPU
		Release|Any CPU = Release|Any CPU
	EndGlobalSection
	GlobalSection(ProjectConfigurationPlatforms) = postSolution
		{FB122ADD-57C5-4C42-AF73-32F49D29CDA5}.Debug|Any CPU.ActiveCfg = Debug|Any CPU
		{FB122ADD-57C5-4C42-AF73-32F49D29CDA5}.Debug|Any CPU.Build.0 = Debug|Any CPU
		{FB122ADD-57C5-4C42-AF73-32F49D29CDA5}.Release|Any CPU.ActiveCfg = Release|Any CPU
		{FB122ADD-57C5-4C42-AF73-32F49D29CDA5}.Release|Any CPU.Build.0 = Release|Any CPU
		{72B08A15-A678-49CF-B363-112BFB2C8E2A}.Debug|Any CPU.ActiveCfg = Debug|Any CPU
		{72B08A15-A678-49CF-B363-112BFB2C8E2A}.Debug|Any CPU.Build.0 = Debug|Any CPU
		{72B08A15-A678-49CF-B363-112BFB2C8E2A}.Release|Any CPU.ActiveCfg = Release|Any CPU
		{72B08A15-A678-49CF-B363-112BFB2C8E2A}.Release|Any CPU.Build.0 = Release|Any CPU
		{D0C41C24-1530-4DDD-BFED-97D160E33B6B}.Debug|Any CPU.ActiveCfg = Debug|Any CPU
		{D0C41C24-1530-4DDD-BFED-97D160E33B6B}.Debug|Any CPU.Build.0 = Debug|Any CPU
		{D0C41C24-1530-4DDD-BFED-97D160E33B6B}.Release|Any CPU.ActiveCfg = Release|Any CPU
		{D0C41C24-1530-4DDD-BFED-97D160E33B6B}.Release|Any CPU.Build.0 = Release|Any CPU
	EndGlobalSection
	GlobalSection(SolutionProperties) = preSolution
		HideSolutionNode = FALSE
	EndGlobalSection
	GlobalSection(NestedProjects) = preSolution
		{72B08A15-A678-49CF-B363-112BFB2C8E2A} = {96825113-7BFB-459B-B8FB-F9DC5E2733CB}
		{FB122ADD-57C5-4C42-AF73-32F49D29CDA5} = {C83350E6-E668-4E7E-A589-F6910D604B63}
		{D0C41C24-1530-4DDD-BFED-97D160E33B6B} = {4639C2EE-7771-453F-A23B-1D57B532486D}
	EndGlobalSection
EndGlobal
